
Microsoft Visual Studio Solution File, Format Version 12.00
# Visual Studio 15
VisualStudioVersion = 15.0.28307.168
MinimumVisualStudioVersion = 10.0.40219.1
Project("{FAE04EC0-301F-11D3-BF4B-00C04F79EFBC}") = "Test.Android", "Test\Test.Android\Test.Android.csproj", "{18DFEE3C-31FD-4E67-8CB3-E4F8122EC7E6}"
EndProject
Project("{FAE04EC0-301F-11D3-BF4B-00C04F79EFBC}") = "Test.iOS", "Test\Test.iOS\Test.iOS.csproj", "{A3FC8DF7-22C4-40C2-A06B-CF1A4AD4BA6A}"
EndProject
Project("{FAE04EC0-301F-11D3-BF4B-00C04F79EFBC}") = "Test.UWP", "Test\Test.UWP\Test.UWP.csproj", "{634FD9A9-66E8-4B77-85F7-86EE7831AF75}"
EndProject
Project("{FAE04EC0-301F-11D3-BF4B-00C04F79EFBC}") = "Test", "Test\Test\Test.csproj", "{CC6E5DA1-88DE-4AB9-BF80-D76E1302585A}"
EndProject
Global
	GlobalSection(SolutionConfigurationPlatforms) = preSolution
		Ad-Hoc|Any CPU = Ad-Hoc|Any CPU
		Ad-Hoc|ARM = Ad-Hoc|ARM
		Ad-Hoc|iPhone = Ad-Hoc|iPhone
		Ad-Hoc|iPhoneSimulator = Ad-Hoc|iPhoneSimulator
		Ad-Hoc|x64 = Ad-Hoc|x64
		Ad-Hoc|x86 = Ad-Hoc|x86
		AppStore|Any CPU = AppStore|Any CPU
		AppStore|ARM = AppStore|ARM
		AppStore|iPhone = AppStore|iPhone
		AppStore|iPhoneSimulator = AppStore|iPhoneSimulator
		AppStore|x64 = AppStore|x64
		AppStore|x86 = AppStore|x86
		Debug|Any CPU = Debug|Any CPU
		Debug|ARM = Debug|ARM
		Debug|iPhone = Debug|iPhone
		Debug|iPhoneSimulator = Debug|iPhoneSimulator
		Debug|x64 = Debug|x64
		Debug|x86 = Debug|x86
		Release|Any CPU = Release|Any CPU
		Release|ARM = Release|ARM
		Release|iPhone = Release|iPhone
		Release|iPhoneSimulator = Release|iPhoneSimulator
		Release|x64 = Release|x64
		Release|x86 = Release|x86
	EndGlobalSection
	GlobalSection(ProjectConfigurationPlatforms) = postSolution
		{18DFEE3C-31FD-4E67-8CB3-E4F8122EC7E6}.Ad-Hoc|Any CPU.ActiveCfg = Release|Any CPU
		{18DFEE3C-31FD-4E67-8CB3-E4F8122EC7E6}.Ad-Hoc|Any CPU.Build.0 = Release|Any CPU
		{18DFEE3C-31FD-4E67-8CB3-E4F8122EC7E6}.Ad-Hoc|Any CPU.Deploy.0 = Release|Any CPU
		{18DFEE3C-31FD-4E67-8CB3-E4F8122EC7E6}.Ad-Hoc|ARM.ActiveCfg = Release|Any CPU
		{18DFEE3C-31FD-4E67-8CB3-E4F8122EC7E6}.Ad-Hoc|ARM.Build.0 = Release|Any CPU
		{18DFEE3C-31FD-4E67-8CB3-E4F8122EC7E6}.Ad-Hoc|ARM.Deploy.0 = Release|Any CPU
		{18DFEE3C-31FD-4E67-8CB3-E4F8122EC7E6}.Ad-Hoc|iPhone.ActiveCfg = Release|Any CPU
		{18DFEE3C-31FD-4E67-8CB3-E4F8122EC7E6}.Ad-Hoc|iPhone.Build.0 = Release|Any CPU
		{18DFEE3C-31FD-4E67-8CB3-E4F8122EC7E6}.Ad-Hoc|iPhone.Deploy.0 = Release|Any CPU
		{18DFEE3C-31FD-4E67-8CB3-E4F8122EC7E6}.Ad-Hoc|iPhoneSimulator.ActiveCfg = Release|Any CPU
		{18DFEE3C-31FD-4E67-8CB3-E4F8122EC7E6}.Ad-Hoc|iPhoneSimulator.Build.0 = Release|Any CPU
		{18DFEE3C-31FD-4E67-8CB3-E4F8122EC7E6}.Ad-Hoc|iPhoneSimulator.Deploy.0 = Release|Any CPU
		{18DFEE3C-31FD-4E67-8CB3-E4F8122EC7E6}.Ad-Hoc|x64.ActiveCfg = Release|Any CPU
		{18DFEE3C-31FD-4E67-8CB3-E4F8122EC7E6}.Ad-Hoc|x64.Build.0 = Release|Any CPU
		{18DFEE3C-31FD-4E67-8CB3-E4F8122EC7E6}.Ad-Hoc|x64.Deploy.0 = Release|Any CPU
		{18DFEE3C-31FD-4E67-8CB3-E4F8122EC7E6}.Ad-Hoc|x86.ActiveCfg = Release|Any CPU
		{18DFEE3C-31FD-4E67-8CB3-E4F8122EC7E6}.Ad-Hoc|x86.Build.0 = Release|Any CPU
		{18DFEE3C-31FD-4E67-8CB3-E4F8122EC7E6}.Ad-Hoc|x86.Deploy.0 = Release|Any CPU
		{18DFEE3C-31FD-4E67-8CB3-E4F8122EC7E6}.AppStore|Any CPU.ActiveCfg = Release|Any CPU
		{18DFEE3C-31FD-4E67-8CB3-E4F8122EC7E6}.AppStore|Any CPU.Build.0 = Release|Any CPU
		{18DFEE3C-31FD-4E67-8CB3-E4F8122EC7E6}.AppStore|Any CPU.Deploy.0 = Release|Any CPU
		{18DFEE3C-31FD-4E67-8CB3-E4F8122EC7E6}.AppStore|ARM.ActiveCfg = Release|Any CPU
		{18DFEE3C-31FD-4E67-8CB3-E4F8122EC7E6}.AppStore|ARM.Build.0 = Release|Any CPU
		{18DFEE3C-31FD-4E67-8CB3-E4F8122EC7E6}.AppStore|ARM.Deploy.0 = Release|Any CPU
		{18DFEE3C-31FD-4E67-8CB3-E4F8122EC7E6}.AppStore|iPhone.ActiveCfg = Release|Any CPU
		{18DFEE3C-31FD-4E67-8CB3-E4F8122EC7E6}.AppStore|iPhone.Build.0 = Release|Any CPU
		{18DFEE3C-31FD-4E67-8CB3-E4F8122EC7E6}.AppStore|iPhone.Deploy.0 = Release|Any CPU
		{18DFEE3C-31FD-4E67-8CB3-E4F8122EC7E6}.AppStore|iPhoneSimulator.ActiveCfg = Release|Any CPU
		{18DFEE3C-31FD-4E67-8CB3-E4F8122EC7E6}.AppStore|iPhoneSimulator.Build.0 = Release|Any CPU
		{18DFEE3C-31FD-4E67-8CB3-E4F8122EC7E6}.AppStore|iPhoneSimulator.Deploy.0 = Release|Any CPU
		{18DFEE3C-31FD-4E67-8CB3-E4F8122EC7E6}.AppStore|x64.ActiveCfg = Release|Any CPU
		{18DFEE3C-31FD-4E67-8CB3-E4F8122EC7E6}.AppStore|x64.Build.0 = Release|Any CPU
		{18DFEE3C-31FD-4E67-8CB3-E4F8122EC7E6}.AppStore|x64.Deploy.0 = Release|Any CPU
		{18DFEE3C-31FD-4E67-8CB3-E4F8122EC7E6}.AppStore|x86.ActiveCfg = Release|Any CPU
		{18DFEE3C-31FD-4E67-8CB3-E4F8122EC7E6}.AppStore|x86.Build.0 = Release|Any CPU
		{18DFEE3C-31FD-4E67-8CB3-E4F8122EC7E6}.AppStore|x86.Deploy.0 = Release|Any CPU
		{18DFEE3C-31FD-4E67-8CB3-E4F8122EC7E6}.Debug|Any CPU.ActiveCfg = Debug|Any CPU
		{18DFEE3C-31FD-4E67-8CB3-E4F8122EC7E6}.Debug|Any CPU.Build.0 = Debug|Any CPU
		{18DFEE3C-31FD-4E67-8CB3-E4F8122EC7E6}.Debug|Any CPU.Deploy.0 = Debug|Any CPU
		{18DFEE3C-31FD-4E67-8CB3-E4F8122EC7E6}.Debug|ARM.ActiveCfg = Debug|Any CPU
		{18DFEE3C-31FD-4E67-8CB3-E4F8122EC7E6}.Debug|ARM.Build.0 = Debug|Any CPU
		{18DFEE3C-31FD-4E67-8CB3-E4F8122EC7E6}.Debug|ARM.Deploy.0 = Debug|Any CPU
		{18DFEE3C-31FD-4E67-8CB3-E4F8122EC7E6}.Debug|iPhone.ActiveCfg = Debug|Any CPU
		{18DFEE3C-31FD-4E67-8CB3-E4F8122EC7E6}.Debug|iPhone.Build.0 = Debug|Any CPU
		{18DFEE3C-31FD-4E67-8CB3-E4F8122EC7E6}.Debug|iPhone.Deploy.0 = Debug|Any CPU
		{18DFEE3C-31FD-4E67-8CB3-E4F8122EC7E6}.Debug|iPhoneSimulator.ActiveCfg = Debug|Any CPU
		{18DFEE3C-31FD-4E67-8CB3-E4F8122EC7E6}.Debug|iPhoneSimulator.Build.0 = Debug|Any CPU
		{18DFEE3C-31FD-4E67-8CB3-E4F8122EC7E6}.Debug|iPhoneSimulator.Deploy.0 = Debug|Any CPU
		{18DFEE3C-31FD-4E67-8CB3-E4F8122EC7E6}.Debug|x64.ActiveCfg = Debug|Any CPU
		{18DFEE3C-31FD-4E67-8CB3-E4F8122EC7E6}.Debug|x64.Build.0 = Debug|Any CPU
		{18DFEE3C-31FD-4E67-8CB3-E4F8122EC7E6}.Debug|x64.Deploy.0 = Debug|Any CPU
		{18DFEE3C-31FD-4E67-8CB3-E4F8122EC7E6}.Debug|x86.ActiveCfg = Debug|Any CPU
		{18DFEE3C-31FD-4E67-8CB3-E4F8122EC7E6}.Debug|x86.Build.0 = Debug|Any CPU
		{18DFEE3C-31FD-4E67-8CB3-E4F8122EC7E6}.Debug|x86.Deploy.0 = Debug|Any CPU
		{18DFEE3C-31FD-4E67-8CB3-E4F8122EC7E6}.Release|Any CPU.ActiveCfg = Release|Any CPU
		{18DFEE3C-31FD-4E67-8CB3-E4F8122EC7E6}.Release|Any CPU.Build.0 = Release|Any CPU
		{18DFEE3C-31FD-4E67-8CB3-E4F8122EC7E6}.Release|Any CPU.Deploy.0 = Release|Any CPU
		{18DFEE3C-31FD-4E67-8CB3-E4F8122EC7E6}.Release|ARM.ActiveCfg = Release|Any CPU
		{18DFEE3C-31FD-4E67-8CB3-E4F8122EC7E6}.Release|ARM.Build.0 = Release|Any CPU
		{18DFEE3C-31FD-4E67-8CB3-E4F8122EC7E6}.Release|ARM.Deploy.0 = Release|Any CPU
		{18DFEE3C-31FD-4E67-8CB3-E4F8122EC7E6}.Release|iPhone.ActiveCfg = Release|Any CPU
		{18DFEE3C-31FD-4E67-8CB3-E4F8122EC7E6}.Release|iPhone.Build.0 = Release|Any CPU
		{18DFEE3C-31FD-4E67-8CB3-E4F8122EC7E6}.Release|iPhone.Deploy.0 = Release|Any CPU
		{18DFEE3C-31FD-4E67-8CB3-E4F8122EC7E6}.Release|iPhoneSimulator.ActiveCfg = Release|Any CPU
		{18DFEE3C-31FD-4E67-8CB3-E4F8122EC7E6}.Release|iPhoneSimulator.Build.0 = Release|Any CPU
		{18DFEE3C-31FD-4E67-8CB3-E4F8122EC7E6}.Release|iPhoneSimulator.Deploy.0 = Release|Any CPU
		{18DFEE3C-31FD-4E67-8CB3-E4F8122EC7E6}.Release|x64.ActiveCfg = Release|Any CPU
		{18DFEE3C-31FD-4E67-8CB3-E4F8122EC7E6}.Release|x64.Build.0 = Release|Any CPU
		{18DFEE3C-31FD-4E67-8CB3-E4F8122EC7E6}.Release|x64.Deploy.0 = Release|Any CPU
		{18DFEE3C-31FD-4E67-8CB3-E4F8122EC7E6}.Release|x86.ActiveCfg = Release|Any CPU
		{18DFEE3C-31FD-4E67-8CB3-E4F8122EC7E6}.Release|x86.Build.0 = Release|Any CPU
		{18DFEE3C-31FD-4E67-8CB3-E4F8122EC7E6}.Release|x86.Deploy.0 = Release|Any CPU
		{A3FC8DF7-22C4-40C2-A06B-CF1A4AD4BA6A}.Ad-Hoc|Any CPU.ActiveCfg = Ad-Hoc|iPhone
		{A3FC8DF7-22C4-40C2-A06B-CF1A4AD4BA6A}.Ad-Hoc|Any CPU.Build.0 = Ad-Hoc|iPhone
		{A3FC8DF7-22C4-40C2-A06B-CF1A4AD4BA6A}.Ad-Hoc|Any CPU.Deploy.0 = Ad-Hoc|iPhone
		{A3FC8DF7-22C4-40C2-A06B-CF1A4AD4BA6A}.Ad-Hoc|ARM.ActiveCfg = Ad-Hoc|iPhone
		{A3FC8DF7-22C4-40C2-A06B-CF1A4AD4BA6A}.Ad-Hoc|ARM.Build.0 = Ad-Hoc|iPhone
		{A3FC8DF7-22C4-40C2-A06B-CF1A4AD4BA6A}.Ad-Hoc|ARM.Deploy.0 = Ad-Hoc|iPhone
		{A3FC8DF7-22C4-40C2-A06B-CF1A4AD4BA6A}.Ad-Hoc|iPhone.ActiveCfg = Ad-Hoc|iPhone
		{A3FC8DF7-22C4-40C2-A06B-CF1A4AD4BA6A}.Ad-Hoc|iPhone.Build.0 = Ad-Hoc|iPhone
		{A3FC8DF7-22C4-40C2-A06B-CF1A4AD4BA6A}.Ad-Hoc|iPhone.Deploy.0 = Ad-Hoc|iPhone
		{A3FC8DF7-22C4-40C2-A06B-CF1A4AD4BA6A}.Ad-Hoc|iPhoneSimulator.ActiveCfg = Ad-Hoc|iPhoneSimulator
		{A3FC8DF7-22C4-40C2-A06B-CF1A4AD4BA6A}.Ad-Hoc|iPhoneSimulator.Build.0 = Ad-Hoc|iPhoneSimulator
		{A3FC8DF7-22C4-40C2-A06B-CF1A4AD4BA6A}.Ad-Hoc|iPhoneSimulator.Deploy.0 = Ad-Hoc|iPhoneSimulator
		{A3FC8DF7-22C4-40C2-A06B-CF1A4AD4BA6A}.Ad-Hoc|x64.ActiveCfg = Ad-Hoc|iPhone
		{A3FC8DF7-22C4-40C2-A06B-CF1A4AD4BA6A}.Ad-Hoc|x64.Build.0 = Ad-Hoc|iPhone
		{A3FC8DF7-22C4-40C2-A06B-CF1A4AD4BA6A}.Ad-Hoc|x64.Deploy.0 = Ad-Hoc|iPhone
		{A3FC8DF7-22C4-40C2-A06B-CF1A4AD4BA6A}.Ad-Hoc|x86.ActiveCfg = Ad-Hoc|iPhone
		{A3FC8DF7-22C4-40C2-A06B-CF1A4AD4BA6A}.Ad-Hoc|x86.Build.0 = Ad-Hoc|iPhone
		{A3FC8DF7-22C4-40C2-A06B-CF1A4AD4BA6A}.Ad-Hoc|x86.Deploy.0 = Ad-Hoc|iPhone
		{A3FC8DF7-22C4-40C2-A06B-CF1A4AD4BA6A}.AppStore|Any CPU.ActiveCfg = AppStore|iPhone
		{A3FC8DF7-22C4-40C2-A06B-CF1A4AD4BA6A}.AppStore|Any CPU.Build.0 = AppStore|iPhone
		{A3FC8DF7-22C4-40C2-A06B-CF1A4AD4BA6A}.AppStore|Any CPU.Deploy.0 = AppStore|iPhone
		{A3FC8DF7-22C4-40C2-A06B-CF1A4AD4BA6A}.AppStore|ARM.ActiveCfg = AppStore|iPhone
		{A3FC8DF7-22C4-40C2-A06B-CF1A4AD4BA6A}.AppStore|ARM.Build.0 = AppStore|iPhone
		{A3FC8DF7-22C4-40C2-A06B-CF1A4AD4BA6A}.AppStore|ARM.Deploy.0 = AppStore|iPhone
		{A3FC8DF7-22C4-40C2-A06B-CF1A4AD4BA6A}.AppStore|iPhone.ActiveCfg = AppStore|iPhone
		{A3FC8DF7-22C4-40C2-A06B-CF1A4AD4BA6A}.AppStore|iPhone.Build.0 = AppStore|iPhone
		{A3FC8DF7-22C4-40C2-A06B-CF1A4AD4BA6A}.AppStore|iPhone.Deploy.0 = AppStore|iPhone
		{A3FC8DF7-22C4-40C2-A06B-CF1A4AD4BA6A}.AppStore|iPhoneSimulator.ActiveCfg = AppStore|iPhoneSimulator
		{A3FC8DF7-22C4-40C2-A06B-CF1A4AD4BA6A}.AppStore|iPhoneSimulator.Build.0 = AppStore|iPhoneSimulator
		{A3FC8DF7-22C4-40C2-A06B-CF1A4AD4BA6A}.AppStore|iPhoneSimulator.Deploy.0 = AppStore|iPhoneSimulator
		{A3FC8DF7-22C4-40C2-A06B-CF1A4AD4BA6A}.AppStore|x64.ActiveCfg = AppStore|iPhone
		{A3FC8DF7-22C4-40C2-A06B-CF1A4AD4BA6A}.AppStore|x64.Build.0 = AppStore|iPhone
		{A3FC8DF7-22C4-40C2-A06B-CF1A4AD4BA6A}.AppStore|x64.Deploy.0 = AppStore|iPhone
		{A3FC8DF7-22C4-40C2-A06B-CF1A4AD4BA6A}.AppStore|x86.ActiveCfg = AppStore|iPhone
		{A3FC8DF7-22C4-40C2-A06B-CF1A4AD4BA6A}.AppStore|x86.Build.0 = AppStore|iPhone
		{A3FC8DF7-22C4-40C2-A06B-CF1A4AD4BA6A}.AppStore|x86.Deploy.0 = AppStore|iPhone
		{A3FC8DF7-22C4-40C2-A06B-CF1A4AD4BA6A}.Debug|Any CPU.ActiveCfg = Debug|iPhoneSimulator
		{A3FC8DF7-22C4-40C2-A06B-CF1A4AD4BA6A}.Debug|Any CPU.Build.0 = Debug|iPhoneSimulator
		{A3FC8DF7-22C4-40C2-A06B-CF1A4AD4BA6A}.Debug|Any CPU.Deploy.0 = Debug|iPhoneSimulator
		{A3FC8DF7-22C4-40C2-A06B-CF1A4AD4BA6A}.Debug|ARM.ActiveCfg = Debug|iPhone
		{A3FC8DF7-22C4-40C2-A06B-CF1A4AD4BA6A}.Debug|ARM.Build.0 = Debug|iPhone
		{A3FC8DF7-22C4-40C2-A06B-CF1A4AD4BA6A}.Debug|ARM.Deploy.0 = Debug|iPhone
		{A3FC8DF7-22C4-40C2-A06B-CF1A4AD4BA6A}.Debug|iPhone.ActiveCfg = Debug|iPhone
		{A3FC8DF7-22C4-40C2-A06B-CF1A4AD4BA6A}.Debug|iPhone.Build.0 = Debug|iPhone
		{A3FC8DF7-22C4-40C2-A06B-CF1A4AD4BA6A}.Debug|iPhone.Deploy.0 = Debug|iPhone
		{A3FC8DF7-22C4-40C2-A06B-CF1A4AD4BA6A}.Debug|iPhoneSimulator.ActiveCfg = Debug|iPhoneSimulator
		{A3FC8DF7-22C4-40C2-A06B-CF1A4AD4BA6A}.Debug|iPhoneSimulator.Build.0 = Debug|iPhoneSimulator
		{A3FC8DF7-22C4-40C2-A06B-CF1A4AD4BA6A}.Debug|iPhoneSimulator.Deploy.0 = Debug|iPhoneSimulator
		{A3FC8DF7-22C4-40C2-A06B-CF1A4AD4BA6A}.Debug|x64.ActiveCfg = Debug|iPhone
		{A3FC8DF7-22C4-40C2-A06B-CF1A4AD4BA6A}.Debug|x64.Build.0 = Debug|iPhone
		{A3FC8DF7-22C4-40C2-A06B-CF1A4AD4BA6A}.Debug|x64.Deploy.0 = Debug|iPhone
		{A3FC8DF7-22C4-40C2-A06B-CF1A4AD4BA6A}.Debug|x86.ActiveCfg = Debug|iPhone
		{A3FC8DF7-22C4-40C2-A06B-CF1A4AD4BA6A}.Debug|x86.Build.0 = Debug|iPhone
		{A3FC8DF7-22C4-40C2-A06B-CF1A4AD4BA6A}.Debug|x86.Deploy.0 = Debug|iPhone
		{A3FC8DF7-22C4-40C2-A06B-CF1A4AD4BA6A}.Release|Any CPU.ActiveCfg = Release|iPhone
		{A3FC8DF7-22C4-40C2-A06B-CF1A4AD4BA6A}.Release|Any CPU.Build.0 = Release|iPhone
		{A3FC8DF7-22C4-40C2-A06B-CF1A4AD4BA6A}.Release|Any CPU.Deploy.0 = Release|iPhone
		{A3FC8DF7-22C4-40C2-A06B-CF1A4AD4BA6A}.Release|ARM.ActiveCfg = Release|iPhone
		{A3FC8DF7-22C4-40C2-A06B-CF1A4AD4BA6A}.Release|ARM.Build.0 = Release|iPhone
		{A3FC8DF7-22C4-40C2-A06B-CF1A4AD4BA6A}.Release|ARM.Deploy.0 = Release|iPhone
		{A3FC8DF7-22C4-40C2-A06B-CF1A4AD4BA6A}.Release|iPhone.ActiveCfg = Release|iPhone
		{A3FC8DF7-22C4-40C2-A06B-CF1A4AD4BA6A}.Release|iPhone.Build.0 = Release|iPhone
		{A3FC8DF7-22C4-40C2-A06B-CF1A4AD4BA6A}.Release|iPhone.Deploy.0 = Release|iPhone
		{A3FC8DF7-22C4-40C2-A06B-CF1A4AD4BA6A}.Release|iPhoneSimulator.ActiveCfg = Release|iPhoneSimulator
		{A3FC8DF7-22C4-40C2-A06B-CF1A4AD4BA6A}.Release|iPhoneSimulator.Build.0 = Release|iPhoneSimulator
		{A3FC8DF7-22C4-40C2-A06B-CF1A4AD4BA6A}.Release|iPhoneSimulator.Deploy.0 = Release|iPhoneSimulator
		{A3FC8DF7-22C4-40C2-A06B-CF1A4AD4BA6A}.Release|x64.ActiveCfg = Release|iPhone
		{A3FC8DF7-22C4-40C2-A06B-CF1A4AD4BA6A}.Release|x64.Build.0 = Release|iPhone
		{A3FC8DF7-22C4-40C2-A06B-CF1A4AD4BA6A}.Release|x64.Deploy.0 = Release|iPhone
		{A3FC8DF7-22C4-40C2-A06B-CF1A4AD4BA6A}.Release|x86.ActiveCfg = Release|iPhone
		{A3FC8DF7-22C4-40C2-A06B-CF1A4AD4BA6A}.Release|x86.Build.0 = Release|iPhone
		{A3FC8DF7-22C4-40C2-A06B-CF1A4AD4BA6A}.Release|x86.Deploy.0 = Release|iPhone
		{634FD9A9-66E8-4B77-85F7-86EE7831AF75}.Ad-Hoc|Any CPU.ActiveCfg = Release|x86
		{634FD9A9-66E8-4B77-85F7-86EE7831AF75}.Ad-Hoc|Any CPU.Build.0 = Release|x86
		{634FD9A9-66E8-4B77-85F7-86EE7831AF75}.Ad-Hoc|Any CPU.Deploy.0 = Release|x86
		{634FD9A9-66E8-4B77-85F7-86EE7831AF75}.Ad-Hoc|ARM.ActiveCfg = Release|ARM
		{634FD9A9-66E8-4B77-85F7-86EE7831AF75}.Ad-Hoc|ARM.Build.0 = Release|ARM
		{634FD9A9-66E8-4B77-85F7-86EE7831AF75}.Ad-Hoc|ARM.Deploy.0 = Release|ARM
		{634FD9A9-66E8-4B77-85F7-86EE7831AF75}.Ad-Hoc|iPhone.ActiveCfg = Release|x86
		{634FD9A9-66E8-4B77-85F7-86EE7831AF75}.Ad-Hoc|iPhone.Build.0 = Release|x86
		{634FD9A9-66E8-4B77-85F7-86EE7831AF75}.Ad-Hoc|iPhone.Deploy.0 = Release|x86
		{634FD9A9-66E8-4B77-85F7-86EE7831AF75}.Ad-Hoc|iPhoneSimulator.ActiveCfg = Release|x86
		{634FD9A9-66E8-4B77-85F7-86EE7831AF75}.Ad-Hoc|iPhoneSimulator.Build.0 = Release|x86
		{634FD9A9-66E8-4B77-85F7-86EE7831AF75}.Ad-Hoc|iPhoneSimulator.Deploy.0 = Release|x86
		{634FD9A9-66E8-4B77-85F7-86EE7831AF75}.Ad-Hoc|x64.ActiveCfg = Release|x64
		{634FD9A9-66E8-4B77-85F7-86EE7831AF75}.Ad-Hoc|x64.Build.0 = Release|x64
		{634FD9A9-66E8-4B77-85F7-86EE7831AF75}.Ad-Hoc|x64.Deploy.0 = Release|x64
		{634FD9A9-66E8-4B77-85F7-86EE7831AF75}.Ad-Hoc|x86.ActiveCfg = Release|x86
		{634FD9A9-66E8-4B77-85F7-86EE7831AF75}.Ad-Hoc|x86.Build.0 = Release|x86
		{634FD9A9-66E8-4B77-85F7-86EE7831AF75}.Ad-Hoc|x86.Deploy.0 = Release|x86
		{634FD9A9-66E8-4B77-85F7-86EE7831AF75}.AppStore|Any CPU.ActiveCfg = Release|x86
		{634FD9A9-66E8-4B77-85F7-86EE7831AF75}.AppStore|Any CPU.Build.0 = Release|x86
		{634FD9A9-66E8-4B77-85F7-86EE7831AF75}.AppStore|Any CPU.Deploy.0 = Release|x86
		{634FD9A9-66E8-4B77-85F7-86EE7831AF75}.AppStore|ARM.ActiveCfg = Release|ARM
		{634FD9A9-66E8-4B77-85F7-86EE7831AF75}.AppStore|ARM.Build.0 = Release|ARM
		{634FD9A9-66E8-4B77-85F7-86EE7831AF75}.AppStore|ARM.Deploy.0 = Release|ARM
		{634FD9A9-66E8-4B77-85F7-86EE7831AF75}.AppStore|iPhone.ActiveCfg = Release|x86
		{634FD9A9-66E8-4B77-85F7-86EE7831AF75}.AppStore|iPhone.Build.0 = Release|x86
		{634FD9A9-66E8-4B77-85F7-86EE7831AF75}.AppStore|iPhone.Deploy.0 = Release|x86
		{634FD9A9-66E8-4B77-85F7-86EE7831AF75}.AppStore|iPhoneSimulator.ActiveCfg = Release|x86
		{634FD9A9-66E8-4B77-85F7-86EE7831AF75}.AppStore|iPhoneSimulator.Build.0 = Release|x86
		{634FD9A9-66E8-4B77-85F7-86EE7831AF75}.AppStore|iPhoneSimulator.Deploy.0 = Release|x86
		{634FD9A9-66E8-4B77-85F7-86EE7831AF75}.AppStore|x64.ActiveCfg = Release|x64
		{634FD9A9-66E8-4B77-85F7-86EE7831AF75}.AppStore|x64.Build.0 = Release|x64
		{634FD9A9-66E8-4B77-85F7-86EE7831AF75}.AppStore|x64.Deploy.0 = Release|x64
		{634FD9A9-66E8-4B77-85F7-86EE7831AF75}.AppStore|x86.ActiveCfg = Release|x86
		{634FD9A9-66E8-4B77-85F7-86EE7831AF75}.AppStore|x86.Build.0 = Release|x86
		{634FD9A9-66E8-4B77-85F7-86EE7831AF75}.AppStore|x86.Deploy.0 = Release|x86
		{634FD9A9-66E8-4B77-85F7-86EE7831AF75}.Debug|Any CPU.ActiveCfg = Debug|x86
		{634FD9A9-66E8-4B77-85F7-86EE7831AF75}.Debug|Any CPU.Build.0 = Debug|x86
		{634FD9A9-66E8-4B77-85F7-86EE7831AF75}.Debug|Any CPU.Deploy.0 = Debug|x86
		{634FD9A9-66E8-4B77-85F7-86EE7831AF75}.Debug|ARM.ActiveCfg = Debug|ARM
		{634FD9A9-66E8-4B77-85F7-86EE7831AF75}.Debug|ARM.Build.0 = Debug|ARM
		{634FD9A9-66E8-4B77-85F7-86EE7831AF75}.Debug|ARM.Deploy.0 = Debug|ARM
		{634FD9A9-66E8-4B77-85F7-86EE7831AF75}.Debug|iPhone.ActiveCfg = Debug|x86
		{634FD9A9-66E8-4B77-85F7-86EE7831AF75}.Debug|iPhone.Build.0 = Debug|x86
		{634FD9A9-66E8-4B77-85F7-86EE7831AF75}.Debug|iPhone.Deploy.0 = Debug|x86
		{634FD9A9-66E8-4B77-85F7-86EE7831AF75}.Debug|iPhoneSimulator.ActiveCfg = Debug|x86
		{634FD9A9-66E8-4B77-85F7-86EE7831AF75}.Debug|iPhoneSimulator.Build.0 = Debug|x86
		{634FD9A9-66E8-4B77-85F7-86EE7831AF75}.Debug|iPhoneSimulator.Deploy.0 = Debug|x86
		{634FD9A9-66E8-4B77-85F7-86EE7831AF75}.Debug|x64.ActiveCfg = Debug|x64
		{634FD9A9-66E8-4B77-85F7-86EE7831AF75}.Debug|x64.Build.0 = Debug|x64
		{634FD9A9-66E8-4B77-85F7-86EE7831AF75}.Debug|x64.Deploy.0 = Debug|x64
		{634FD9A9-66E8-4B77-85F7-86EE7831AF75}.Debug|x86.ActiveCfg = Debug|x86
		{634FD9A9-66E8-4B77-85F7-86EE7831AF75}.Debug|x86.Build.0 = Debug|x86
		{634FD9A9-66E8-4B77-85F7-86EE7831AF75}.Debug|x86.Deploy.0 = Debug|x86
		{634FD9A9-66E8-4B77-85F7-86EE7831AF75}.Release|Any CPU.ActiveCfg = Release|x86
		{634FD9A9-66E8-4B77-85F7-86EE7831AF75}.Release|Any CPU.Build.0 = Release|x86
		{634FD9A9-66E8-4B77-85F7-86EE7831AF75}.Release|Any CPU.Deploy.0 = Release|x86
		{634FD9A9-66E8-4B77-85F7-86EE7831AF75}.Release|ARM.ActiveCfg = Release|ARM
		{634FD9A9-66E8-4B77-85F7-86EE7831AF75}.Release|ARM.Build.0 = Release|ARM
		{634FD9A9-66E8-4B77-85F7-86EE7831AF75}.Release|ARM.Deploy.0 = Release|ARM
		{634FD9A9-66E8-4B77-85F7-86EE7831AF75}.Release|iPhone.ActiveCfg = Release|x86
		{634FD9A9-66E8-4B77-85F7-86EE7831AF75}.Release|iPhone.Build.0 = Release|x86
		{634FD9A9-66E8-4B77-85F7-86EE7831AF75}.Release|iPhone.Deploy.0 = Release|x86
		{634FD9A9-66E8-4B77-85F7-86EE7831AF75}.Release|iPhoneSimulator.ActiveCfg = Release|x86
		{634FD9A9-66E8-4B77-85F7-86EE7831AF75}.Release|iPhoneSimulator.Build.0 = Release|x86
		{634FD9A9-66E8-4B77-85F7-86EE7831AF75}.Release|iPhoneSimulator.Deploy.0 = Release|x86
		{634FD9A9-66E8-4B77-85F7-86EE7831AF75}.Release|x64.ActiveCfg = Release|x64
		{634FD9A9-66E8-4B77-85F7-86EE7831AF75}.Release|x64.Build.0 = Release|x64
		{634FD9A9-66E8-4B77-85F7-86EE7831AF75}.Release|x64.Deploy.0 = Release|x64
		{634FD9A9-66E8-4B77-85F7-86EE7831AF75}.Release|x86.ActiveCfg = Release|x86
		{634FD9A9-66E8-4B77-85F7-86EE7831AF75}.Release|x86.Build.0 = Release|x86
		{634FD9A9-66E8-4B77-85F7-86EE7831AF75}.Release|x86.Deploy.0 = Release|x86
		{CC6E5DA1-88DE-4AB9-BF80-D76E1302585A}.Ad-Hoc|Any CPU.ActiveCfg = Debug|Any CPU
		{CC6E5DA1-88DE-4AB9-BF80-D76E1302585A}.Ad-Hoc|Any CPU.Build.0 = Debug|Any CPU
		{CC6E5DA1-88DE-4AB9-BF80-D76E1302585A}.Ad-Hoc|Any CPU.Deploy.0 = Debug|Any CPU
		{CC6E5DA1-88DE-4AB9-BF80-D76E1302585A}.Ad-Hoc|ARM.ActiveCfg = Debug|Any CPU
		{CC6E5DA1-88DE-4AB9-BF80-D76E1302585A}.Ad-Hoc|ARM.Build.0 = Debug|Any CPU
		{CC6E5DA1-88DE-4AB9-BF80-D76E1302585A}.Ad-Hoc|ARM.Deploy.0 = Debug|Any CPU
		{CC6E5DA1-88DE-4AB9-BF80-D76E1302585A}.Ad-Hoc|iPhone.ActiveCfg = Debug|Any CPU
		{CC6E5DA1-88DE-4AB9-BF80-D76E1302585A}.Ad-Hoc|iPhone.Build.0 = Debug|Any CPU
		{CC6E5DA1-88DE-4AB9-BF80-D76E1302585A}.Ad-Hoc|iPhone.Deploy.0 = Debug|Any CPU
		{CC6E5DA1-88DE-4AB9-BF80-D76E1302585A}.Ad-Hoc|iPhoneSimulator.ActiveCfg = Debug|Any CPU
		{CC6E5DA1-88DE-4AB9-BF80-D76E1302585A}.Ad-Hoc|iPhoneSimulator.Build.0 = Debug|Any CPU
		{CC6E5DA1-88DE-4AB9-BF80-D76E1302585A}.Ad-Hoc|iPhoneSimulator.Deploy.0 = Debug|Any CPU
		{CC6E5DA1-88DE-4AB9-BF80-D76E1302585A}.Ad-Hoc|x64.ActiveCfg = Debug|Any CPU
		{CC6E5DA1-88DE-4AB9-BF80-D76E1302585A}.Ad-Hoc|x64.Build.0 = Debug|Any CPU
		{CC6E5DA1-88DE-4AB9-BF80-D76E1302585A}.Ad-Hoc|x64.Deploy.0 = Debug|Any CPU
		{CC6E5DA1-88DE-4AB9-BF80-D76E1302585A}.Ad-Hoc|x86.ActiveCfg = Debug|Any CPU
		{CC6E5DA1-88DE-4AB9-BF80-D76E1302585A}.Ad-Hoc|x86.Build.0 = Debug|Any CPU
		{CC6E5DA1-88DE-4AB9-BF80-D76E1302585A}.Ad-Hoc|x86.Deploy.0 = Debug|Any CPU
		{CC6E5DA1-88DE-4AB9-BF80-D76E1302585A}.AppStore|Any CPU.ActiveCfg = Debug|Any CPU
		{CC6E5DA1-88DE-4AB9-BF80-D76E1302585A}.AppStore|Any CPU.Build.0 = Debug|Any CPU
		{CC6E5DA1-88DE-4AB9-BF80-D76E1302585A}.AppStore|Any CPU.Deploy.0 = Debug|Any CPU
		{CC6E5DA1-88DE-4AB9-BF80-D76E1302585A}.AppStore|ARM.ActiveCfg = Debug|Any CPU
		{CC6E5DA1-88DE-4AB9-BF80-D76E1302585A}.AppStore|ARM.Build.0 = Debug|Any CPU
		{CC6E5DA1-88DE-4AB9-BF80-D76E1302585A}.AppStore|ARM.Deploy.0 = Debug|Any CPU
		{CC6E5DA1-88DE-4AB9-BF80-D76E1302585A}.AppStore|iPhone.ActiveCfg = Debug|Any CPU
		{CC6E5DA1-88DE-4AB9-BF80-D76E1302585A}.AppStore|iPhone.Build.0 = Debug|Any CPU
		{CC6E5DA1-88DE-4AB9-BF80-D76E1302585A}.AppStore|iPhone.Deploy.0 = Debug|Any CPU
		{CC6E5DA1-88DE-4AB9-BF80-D76E1302585A}.AppStore|iPhoneSimulator.ActiveCfg = Debug|Any CPU
		{CC6E5DA1-88DE-4AB9-BF80-D76E1302585A}.AppStore|iPhoneSimulator.Build.0 = Debug|Any CPU
		{CC6E5DA1-88DE-4AB9-BF80-D76E1302585A}.AppStore|iPhoneSimulator.Deploy.0 = Debug|Any CPU
		{CC6E5DA1-88DE-4AB9-BF80-D76E1302585A}.AppStore|x64.ActiveCfg = Debug|Any CPU
		{CC6E5DA1-88DE-4AB9-BF80-D76E1302585A}.AppStore|x64.Build.0 = Debug|Any CPU
		{CC6E5DA1-88DE-4AB9-BF80-D76E1302585A}.AppStore|x64.Deploy.0 = Debug|Any CPU
		{CC6E5DA1-88DE-4AB9-BF80-D76E1302585A}.AppStore|x86.ActiveCfg = Debug|Any CPU
		{CC6E5DA1-88DE-4AB9-BF80-D76E1302585A}.AppStore|x86.Build.0 = Debug|Any CPU
		{CC6E5DA1-88DE-4AB9-BF80-D76E1302585A}.AppStore|x86.Deploy.0 = Debug|Any CPU
		{CC6E5DA1-88DE-4AB9-BF80-D76E1302585A}.Debug|Any CPU.ActiveCfg = Debug|Any CPU
		{CC6E5DA1-88DE-4AB9-BF80-D76E1302585A}.Debug|Any CPU.Build.0 = Debug|Any CPU
		{CC6E5DA1-88DE-4AB9-BF80-D76E1302585A}.Debug|Any CPU.Deploy.0 = Debug|Any CPU
		{CC6E5DA1-88DE-4AB9-BF80-D76E1302585A}.Debug|ARM.ActiveCfg = Debug|Any CPU
		{CC6E5DA1-88DE-4AB9-BF80-D76E1302585A}.Debug|ARM.Build.0 = Debug|Any CPU
		{CC6E5DA1-88DE-4AB9-BF80-D76E1302585A}.Debug|ARM.Deploy.0 = Debug|Any CPU
		{CC6E5DA1-88DE-4AB9-BF80-D76E1302585A}.Debug|iPhone.ActiveCfg = Debug|Any CPU
		{CC6E5DA1-88DE-4AB9-BF80-D76E1302585A}.Debug|iPhone.Build.0 = Debug|Any CPU
		{CC6E5DA1-88DE-4AB9-BF80-D76E1302585A}.Debug|iPhone.Deploy.0 = Debug|Any CPU
		{CC6E5DA1-88DE-4AB9-BF80-D76E1302585A}.Debug|iPhoneSimulator.ActiveCfg = Debug|Any CPU
		{CC6E5DA1-88DE-4AB9-BF80-D76E1302585A}.Debug|iPhoneSimulator.Build.0 = Debug|Any CPU
		{CC6E5DA1-88DE-4AB9-BF80-D76E1302585A}.Debug|iPhoneSimulator.Deploy.0 = Debug|Any CPU
		{CC6E5DA1-88DE-4AB9-BF80-D76E1302585A}.Debug|x64.ActiveCfg = Debug|Any CPU
		{CC6E5DA1-88DE-4AB9-BF80-D76E1302585A}.Debug|x64.Build.0 = Debug|Any CPU
		{CC6E5DA1-88DE-4AB9-BF80-D76E1302585A}.Debug|x64.Deploy.0 = Debug|Any CPU
		{CC6E5DA1-88DE-4AB9-BF80-D76E1302585A}.Debug|x86.ActiveCfg = Debug|Any CPU
		{CC6E5DA1-88DE-4AB9-BF80-D76E1302585A}.Debug|x86.Build.0 = Debug|Any CPU
		{CC6E5DA1-88DE-4AB9-BF80-D76E1302585A}.Debug|x86.Deploy.0 = Debug|Any CPU
		{CC6E5DA1-88DE-4AB9-BF80-D76E1302585A}.Release|Any CPU.ActiveCfg = Release|Any CPU
		{CC6E5DA1-88DE-4AB9-BF80-D76E1302585A}.Release|Any CPU.Build.0 = Release|Any CPU
		{CC6E5DA1-88DE-4AB9-BF80-D76E1302585A}.Release|Any CPU.Deploy.0 = Release|Any CPU
		{CC6E5DA1-88DE-4AB9-BF80-D76E1302585A}.Release|ARM.ActiveCfg = Release|Any CPU
		{CC6E5DA1-88DE-4AB9-BF80-D76E1302585A}.Release|ARM.Build.0 = Release|Any CPU
		{CC6E5DA1-88DE-4AB9-BF80-D76E1302585A}.Release|ARM.Deploy.0 = Release|Any CPU
		{CC6E5DA1-88DE-4AB9-BF80-D76E1302585A}.Release|iPhone.ActiveCfg = Release|Any CPU
		{CC6E5DA1-88DE-4AB9-BF80-D76E1302585A}.Release|iPhone.Build.0 = Release|Any CPU
		{CC6E5DA1-88DE-4AB9-BF80-D76E1302585A}.Release|iPhone.Deploy.0 = Release|Any CPU
		{CC6E5DA1-88DE-4AB9-BF80-D76E1302585A}.Release|iPhoneSimulator.ActiveCfg = Release|Any CPU
		{CC6E5DA1-88DE-4AB9-BF80-D76E1302585A}.Release|iPhoneSimulator.Build.0 = Release|Any CPU
		{CC6E5DA1-88DE-4AB9-BF80-D76E1302585A}.Release|iPhoneSimulator.Deploy.0 = Release|Any CPU
		{CC6E5DA1-88DE-4AB9-BF80-D76E1302585A}.Release|x64.ActiveCfg = Release|Any CPU
		{CC6E5DA1-88DE-4AB9-BF80-D76E1302585A}.Release|x64.Build.0 = Release|Any CPU
		{CC6E5DA1-88DE-4AB9-BF80-D76E1302585A}.Release|x64.Deploy.0 = Release|Any CPU
		{CC6E5DA1-88DE-4AB9-BF80-D76E1302585A}.Release|x86.ActiveCfg = Release|Any CPU
		{CC6E5DA1-88DE-4AB9-BF80-D76E1302585A}.Release|x86.Build.0 = Release|Any CPU
		{CC6E5DA1-88DE-4AB9-BF80-D76E1302585A}.Release|x86.Deploy.0 = Release|Any CPU
	EndGlobalSection
	GlobalSection(SolutionProperties) = preSolution
		HideSolutionNode = FALSE
	EndGlobalSection
	GlobalSection(ExtensibilityGlobals) = postSolution
		SolutionGuid = {66D8B863-AD93-456B-83D6-2CBFD866927B}
	EndGlobalSection
EndGlobal
